
Microsoft Visual Studio Solution File, Format Version 12.00
# Visual Studio 15
VisualStudioVersion = 15.0.27703.2026
MinimumVisualStudioVersion = 10.0.40219.1
Project("{FAE04EC0-301F-11D3-BF4B-00C04F79EFBC}") = "lti.leadsmgmt", "lti.leadsmgmt\lti.leadsmgmt.csproj", "{4036EBA0-C28F-421B-A7D0-648090821A93}"
EndProject
Global
	GlobalSection(SolutionConfigurationPlatforms) = preSolution
		Debug|Any CPU = Debug|Any CPU
		Release|Any CPU = Release|Any CPU
	EndGlobalSection
	GlobalSection(ProjectConfigurationPlatforms) = postSolution
		{4036EBA0-C28F-421B-A7D0-648090821A93}.Debug|Any CPU.ActiveCfg = Debug|Any CPU
		{4036EBA0-C28F-421B-A7D0-648090821A93}.Debug|Any CPU.Build.0 = Debug|Any CPU
		{4036EBA0-C28F-421B-A7D0-648090821A93}.Debug|Any CPU.Deploy.0 = Debug|Any CPU
		{4036EBA0-C28F-421B-A7D0-648090821A93}.Release|Any CPU.ActiveCfg = Release|Any CPU
		{4036EBA0-C28F-421B-A7D0-648090821A93}.Release|Any CPU.Build.0 = Release|Any CPU
		{4036EBA0-C28F-421B-A7D0-648090821A93}.Release|Any CPU.Deploy.0 = Release|Any CPU
	EndGlobalSection
	GlobalSection(SolutionProperties) = preSolution
		HideSolutionNode = FALSE
	EndGlobalSection
	GlobalSection(ExtensibilityGlobals) = postSolution
		SolutionGuid = {9AC8EAA1-2613-4FA6-835D-6C2DD05C12C8}
	EndGlobalSection
EndGlobal
